
Microsoft Visual Studio Solution File, Format Version 12.00
# Visual Studio Version 16
VisualStudioVersion = 16.0.31205.134
MinimumVisualStudioVersion = 10.0.40219.1
Project("{FAE04EC0-301F-11D3-BF4B-00C04F79EFBC}") = "v0707", "v0707\v0707.csproj", "{5BFA64E5-4D43-437C-9FE0-A07CF9056FBE}"
EndProject
Global
	GlobalSection(SolutionConfigurationPlatforms) = preSolution
		Debug|Any CPU = Debug|Any CPU
		Release|Any CPU = Release|Any CPU
	EndGlobalSection
	GlobalSection(ProjectConfigurationPlatforms) = postSolution
		{5BFA64E5-4D43-437C-9FE0-A07CF9056FBE}.Debug|Any CPU.ActiveCfg = Debug|Any CPU
		{5BFA64E5-4D43-437C-9FE0-A07CF9056FBE}.Debug|Any CPU.Build.0 = Debug|Any CPU
		{5BFA64E5-4D43-437C-9FE0-A07CF9056FBE}.Release|Any CPU.ActiveCfg = Release|Any CPU
		{5BFA64E5-4D43-437C-9FE0-A07CF9056FBE}.Release|Any CPU.Build.0 = Release|Any CPU
	EndGlobalSection
	GlobalSection(SolutionProperties) = preSolution
		HideSolutionNode = FALSE
	EndGlobalSection
	GlobalSection(ExtensibilityGlobals) = postSolution
		SolutionGuid = {AF880FB4-5C30-47FB-AE3D-8A04639B8158}
	EndGlobalSection
EndGlobal
